
Microsoft Visual Studio Solution File, Format Version 12.00
# Visual Studio 15
VisualStudioVersion = 15.0.28010.2003
MinimumVisualStudioVersion = 10.0.40219.1
Project("{FAE04EC0-301F-11D3-BF4B-00C04F79EFBC}") = "Joel_Astegiano_CS_Mod07", "Joel_Astegiano_CS_Mod07\Joel_Astegiano_CS_Mod07.csproj", "{848534C9-C008-4E31-9967-89D8C97D6070}"
EndProject
Project("{FAE04EC0-301F-11D3-BF4B-00C04F79EFBC}") = "Joel_Astegiano_WinForm_Mod07", "Joel_Astegiano_WinForm_Mod07\Joel_Astegiano_WinForm_Mod07.csproj", "{C744CC6D-EA60-4B47-A48D-A6C12426AC03}"
EndProject
Global
	GlobalSection(SolutionConfigurationPlatforms) = preSolution
		Debug|Any CPU = Debug|Any CPU
		Release|Any CPU = Release|Any CPU
	EndGlobalSection
	GlobalSection(ProjectConfigurationPlatforms) = postSolution
		{848534C9-C008-4E31-9967-89D8C97D6070}.Debug|Any CPU.ActiveCfg = Debug|Any CPU
		{848534C9-C008-4E31-9967-89D8C97D6070}.Debug|Any CPU.Build.0 = Debug|Any CPU
		{848534C9-C008-4E31-9967-89D8C97D6070}.Release|Any CPU.ActiveCfg = Release|Any CPU
		{848534C9-C008-4E31-9967-89D8C97D6070}.Release|Any CPU.Build.0 = Release|Any CPU
		{C744CC6D-EA60-4B47-A48D-A6C12426AC03}.Debug|Any CPU.ActiveCfg = Debug|Any CPU
		{C744CC6D-EA60-4B47-A48D-A6C12426AC03}.Debug|Any CPU.Build.0 = Debug|Any CPU
		{C744CC6D-EA60-4B47-A48D-A6C12426AC03}.Release|Any CPU.ActiveCfg = Release|Any CPU
		{C744CC6D-EA60-4B47-A48D-A6C12426AC03}.Release|Any CPU.Build.0 = Release|Any CPU
	EndGlobalSection
	GlobalSection(SolutionProperties) = preSolution
		HideSolutionNode = FALSE
	EndGlobalSection
	GlobalSection(ExtensibilityGlobals) = postSolution
		SolutionGuid = {630263D1-A790-42D1-81A7-22772BC2E09C}
	EndGlobalSection
EndGlobal
