
Microsoft Visual Studio Solution File, Format Version 12.00
# Visual Studio 15
VisualStudioVersion = 15.0.28010.2003
MinimumVisualStudioVersion = 10.0.40219.1
Project("{FAE04EC0-301F-11D3-BF4B-00C04F79EFBC}") = "Joel_Astegiano_Module06", "Joel_Astegiano_Module06\Joel_Astegiano_Module06.csproj", "{B4A4C84B-3096-4B43-A463-5F75AEFCE955}"
EndProject
Global
	GlobalSection(SolutionConfigurationPlatforms) = preSolution
		Debug|Any CPU = Debug|Any CPU
		Release|Any CPU = Release|Any CPU
	EndGlobalSection
	GlobalSection(ProjectConfigurationPlatforms) = postSolution
		{B4A4C84B-3096-4B43-A463-5F75AEFCE955}.Debug|Any CPU.ActiveCfg = Debug|Any CPU
		{B4A4C84B-3096-4B43-A463-5F75AEFCE955}.Debug|Any CPU.Build.0 = Debug|Any CPU
		{B4A4C84B-3096-4B43-A463-5F75AEFCE955}.Release|Any CPU.ActiveCfg = Release|Any CPU
		{B4A4C84B-3096-4B43-A463-5F75AEFCE955}.Release|Any CPU.Build.0 = Release|Any CPU
	EndGlobalSection
	GlobalSection(SolutionProperties) = preSolution
		HideSolutionNode = FALSE
	EndGlobalSection
	GlobalSection(ExtensibilityGlobals) = postSolution
		SolutionGuid = {8C4B0125-8171-4C8F-AC9B-4A7244C16533}
	EndGlobalSection
EndGlobal
